Microsoft Visual Studio Solution File, Format Version 12.00
# Visual Studio Version 17
VisualStudioVersion = 17.0.31912.275
MinimumVisualStudioVersion = 10.0.40219.1
Project("{9A19103F-16F7-4668-BE54-9A1E7A4F7556}") = "TechJobsOO", "TechJobsOO\TechJobsOO.csproj", "{C76D48E1-4C5C-4DB4-89A2-DBACCF4CBE4F}"
	ProjectSection(ProjectDependencies) = postProject
		{28923C2E-CE87-4A00-8EE6-363A57DFAC4B} = {28923C2E-CE87-4A00-8EE6-363A57DFAC4B}
	EndProjectSection
EndProject
Project("{FAE04EC0-301F-11D3-BF4B-00C04F79EFBC}") = "TechJobsTests", "TechJobsTests\TechJobsTests.csproj", "{28923C2E-CE87-4A00-8EE6-363A57DFAC4B}"
EndProject
Global
	GlobalSection(SolutionConfigurationPlatforms) = preSolution
		Debug|Any CPU = Debug|Any CPU
		Release|Any CPU = Release|Any CPU
	EndGlobalSection
	GlobalSection(ProjectConfigurationPlatforms) = postSolution
		{C76D48E1-4C5C-4DB4-89A2-DBACCF4CBE4F}.Debug|Any CPU.ActiveCfg = Debug|Any CPU
		{C76D48E1-4C5C-4DB4-89A2-DBACCF4CBE4F}.Debug|Any CPU.Build.0 = Debug|Any CPU
		{C76D48E1-4C5C-4DB4-89A2-DBACCF4CBE4F}.Release|Any CPU.ActiveCfg = Release|Any CPU
		{C76D48E1-4C5C-4DB4-89A2-DBACCF4CBE4F}.Release|Any CPU.Build.0 = Release|Any CPU
		{28923C2E-CE87-4A00-8EE6-363A57DFAC4B}.Debug|Any CPU.ActiveCfg = Debug|Any CPU
		{28923C2E-CE87-4A00-8EE6-363A57DFAC4B}.Debug|Any CPU.Build.0 = Debug|Any CPU
		{28923C2E-CE87-4A00-8EE6-363A57DFAC4B}.Release|Any CPU.ActiveCfg = Release|Any CPU
		{28923C2E-CE87-4A00-8EE6-363A57DFAC4B}.Release|Any CPU.Build.0 = Release|Any CPU
	EndGlobalSection
	GlobalSection(SolutionProperties) = preSolution
		HideSolutionNode = FALSE
	EndGlobalSection
	GlobalSection(ExtensibilityGlobals) = postSolution
		SolutionGuid = {05884699-C71C-4437-ACF5-FAAB23990D48}
	EndGlobalSection
EndGlobal
